
Microsoft Visual Studio Solution File, Format Version 12.00
# Visual Studio Version 17
VisualStudioVersion = 17.10.35004.147
MinimumVisualStudioVersion = 10.0.40219.1
Project("{9A19103F-16F7-4668-BE54-9A1E7A4F7556}") = "tsom_bot", "tsom_bot.csproj", "{94227CC0-06DF-466D-9AA1-BFDE0E9C09BB}"
EndProject
Global
	GlobalSection(SolutionConfigurationPlatforms) = preSolution
		Debug|Any CPU = Debug|Any CPU
		Release|Any CPU = Release|Any CPU
	EndGlobalSection
	GlobalSection(ProjectConfigurationPlatforms) = postSolution
		{94227CC0-06DF-466D-9AA1-BFDE0E9C09BB}.Debug|Any CPU.ActiveCfg = Debug|Any CPU
		{94227CC0-06DF-466D-9AA1-BFDE0E9C09BB}.Debug|Any CPU.Build.0 = Debug|Any CPU
		{94227CC0-06DF-466D-9AA1-BFDE0E9C09BB}.Release|Any CPU.ActiveCfg = Release|Any CPU
		{94227CC0-06DF-466D-9AA1-BFDE0E9C09BB}.Release|Any CPU.Build.0 = Release|Any CPU
	EndGlobalSection
	GlobalSection(SolutionProperties) = preSolution
		HideSolutionNode = FALSE
	EndGlobalSection
	GlobalSection(ExtensibilityGlobals) = postSolution
		SolutionGuid = {E7450920-D762-4B9F-92E1-07AB0898712E}
	EndGlobalSection
EndGlobal
